# THIS IS AN AUTOGENERATED FILE. DO NOT EDIT THIS FILE DIRECTLY.
# yarn lockfile v1


"@types/chrome@^0.0.246":
  version "0.0.246"
  resolved "https://registry.yarnpkg.com/@types/chrome/-/chrome-0.0.246.tgz#412ee1b162a67d1cfebe413887b9aa0c28998ef1"
  integrity sha512-MxGxEomGxsJiL9xe/7ZwVgwdn8XVKWbPvxpVQl3nWOjrS0Ce63JsfzxUc4aU3GvRcUPYsfufHmJ17BFyKxeA4g==
  dependencies:
    "@types/filesystem" "*"
    "@types/har-format" "*"

"@types/filesystem@*":
  version "0.0.33"
  resolved "https://registry.yarnpkg.com/@types/filesystem/-/filesystem-0.0.33.tgz#808e0048221426b30341a6b19a8193213c72ca55"
  integrity sha512-2KedRPzwu2K528vFkoXnnWdsG0MtUwPjuA7pRy4vKxlxHEe8qUDZibYHXJKZZr2Cl/ELdCWYqyb/MKwsUuzBWw==
  dependencies:
    "@types/filewriter" "*"

"@types/filewriter@*":
  version "0.0.30"
  resolved "https://registry.yarnpkg.com/@types/filewriter/-/filewriter-0.0.30.tgz#1be7733877589d57c653b8356cefe5fe7c74b89e"
  integrity sha512-lB98tui0uxc7erbj0serZfJlHKLNJHwBltPnbmO1WRpL5T325GOHRiQfr2E29V2q+S1brDO63Fpdt6vb3bES9Q==

"@types/har-format@*":
  version "1.2.13"
  resolved "https://registry.yarnpkg.com/@types/har-format/-/har-format-1.2.13.tgz#7ef32562d433166e1ad14e3eb6fcf5c00c8a0ead"
  integrity sha512-PwBsCBD3lDODn4xpje3Y1di0aDJp4Ww7aSfMRVw6ysnxD4I7Wmq2mBkSKaDtN403hqH5sp6c9xQUvFYY3+lkBg==

"@types/webextension-polyfill@^0.10.4":
  version "0.10.4"
  resolved "https://registry.yarnpkg.com/@types/webextension-polyfill/-/webextension-polyfill-0.10.4.tgz#09feeb2d8f04ac0a28818ade8aeeb4ab9fbafebb"
  integrity sha512-pvEIqAZEbJRzaqTaWq3xlUoMWa3+euZHHz+VZHCzHWW+jOf8qLOq9wXy38U+WiPG3108SJC/wNc1X6vPC5TcjQ==

customize-cra@^1.0.0:
  version "1.0.0"
  resolved "https://registry.yarnpkg.com/customize-cra/-/customize-cra-1.0.0.tgz#73286563631aa08127ad4d30a2e3c89cf4e93c8d"
  integrity sha512-DbtaLuy59224U+xCiukkxSq8clq++MOtJ1Et7LED1fLszWe88EoblEYFBJ895sB1mC6B4uu3xPT/IjClELhMbA==
  dependencies:
    lodash.flow "^3.5.0"

lodash.flow@^3.5.0:
  version "3.5.0"
  resolved "https://registry.yarnpkg.com/lodash.flow/-/lodash.flow-3.5.0.tgz#87bf40292b8cf83e4e8ce1a3ae4209e20071675a"
  integrity sha512-ff3BX/tSioo+XojX4MOsOMhJw0nZoUEF011LX8g8d3gvjVbxd89cCio4BCXronjxcTUIJUoqKEUA+n4CqvvRPw==

react-app-rewired@^2.2.1:
  version "2.2.1"
  resolved "https://registry.yarnpkg.com/react-app-rewired/-/react-app-rewired-2.2.1.tgz#84901ee1e3f26add0377ebec0b41bcdfce9fc211"
  integrity sha512-uFQWTErXeLDrMzOJHKp0h8P1z0LV9HzPGsJ6adOtGlA/B9WfT6Shh4j2tLTTGlXOfiVx6w6iWpp7SOC5pvk+gA==
  dependencies:
    semver "^5.6.0"

semver@^5.6.0:
  version "5.7.2"
  resolved "https://registry.yarnpkg.com/semver/-/semver-5.7.2.tgz#48d55db737c3287cd4835e17fa13feace1c41ef8"
  integrity sha512-cBznnQ9KjJqU67B52RMC65CMarK2600WFnbkcaiwWq3xy/5haFJlshgnpjovMVJ+Hff49d8GEn0b87C5pDQ10g==

webextension-polyfill@^0.10.0:
  version "0.10.0"
  resolved "https://registry.yarnpkg.com/webextension-polyfill/-/webextension-polyfill-0.10.0.tgz#ccb28101c910ba8cf955f7e6a263e662d744dbb8"
  integrity sha512-c5s35LgVa5tFaHhrZDnr3FpQpjj1BB+RXhLTYUxGqBVN460HkbM8TBtEqdXWbpTKfzwCcjAZVF7zXCYSKtcp9g==
